
Microsoft Visual Studio Solution File, Format Version 11.00
# Visual Studio 2010
Project("{FAE04EC0-301F-11D3-BF4B-00C04F79EFBC}") = "WebApplication1", "WebApplication1\WebApplication1.csproj", "{665724F2-7EC3-45A3-A92B-179D62362CFF}"
EndProject
Project("{FAE04EC0-301F-11D3-BF4B-00C04F79EFBC}") = "Model", "Model\Model.csproj", "{63C8A594-685F-4F3F-A20C-CD92DF935C6F}"
EndProject
Project("{FAE04EC0-301F-11D3-BF4B-00C04F79EFBC}") = "BLL", "BLL\BLL.csproj", "{66A366FC-4D1A-4EE4-8696-A8F7AF1362A9}"
EndProject
Project("{FAE04EC0-301F-11D3-BF4B-00C04F79EFBC}") = "DAL", "DAL\DAL.csproj", "{8FEEBEDE-885C-4472-9404-A6E7E874D4DF}"
EndProject
Global
	GlobalSection(SolutionConfigurationPlatforms) = preSolution
		Debug|Any CPU = Debug|Any CPU
		Release|Any CPU = Release|Any CPU
	EndGlobalSection
	GlobalSection(ProjectConfigurationPlatforms) = postSolution
		{665724F2-7EC3-45A3-A92B-179D62362CFF}.Debug|Any CPU.ActiveCfg = Debug|Any CPU
		{665724F2-7EC3-45A3-A92B-179D62362CFF}.Debug|Any CPU.Build.0 = Debug|Any CPU
		{665724F2-7EC3-45A3-A92B-179D62362CFF}.Release|Any CPU.ActiveCfg = Release|Any CPU
		{665724F2-7EC3-45A3-A92B-179D62362CFF}.Release|Any CPU.Build.0 = Release|Any CPU
		{63C8A594-685F-4F3F-A20C-CD92DF935C6F}.Debug|Any CPU.ActiveCfg = Debug|Any CPU
		{63C8A594-685F-4F3F-A20C-CD92DF935C6F}.Debug|Any CPU.Build.0 = Debug|Any CPU
		{63C8A594-685F-4F3F-A20C-CD92DF935C6F}.Release|Any CPU.ActiveCfg = Release|Any CPU
		{63C8A594-685F-4F3F-A20C-CD92DF935C6F}.Release|Any CPU.Build.0 = Release|Any CPU
		{66A366FC-4D1A-4EE4-8696-A8F7AF1362A9}.Debug|Any CPU.ActiveCfg = Debug|Any CPU
		{66A366FC-4D1A-4EE4-8696-A8F7AF1362A9}.Debug|Any CPU.Build.0 = Debug|Any CPU
		{66A366FC-4D1A-4EE4-8696-A8F7AF1362A9}.Release|Any CPU.ActiveCfg = Release|Any CPU
		{66A366FC-4D1A-4EE4-8696-A8F7AF1362A9}.Release|Any CPU.Build.0 = Release|Any CPU
		{8FEEBEDE-885C-4472-9404-A6E7E874D4DF}.Debug|Any CPU.ActiveCfg = Debug|Any CPU
		{8FEEBEDE-885C-4472-9404-A6E7E874D4DF}.Debug|Any CPU.Build.0 = Debug|Any CPU
		{8FEEBEDE-885C-4472-9404-A6E7E874D4DF}.Release|Any CPU.ActiveCfg = Release|Any CPU
		{8FEEBEDE-885C-4472-9404-A6E7E874D4DF}.Release|Any CPU.Build.0 = Release|Any CPU
	EndGlobalSection
	GlobalSection(SolutionProperties) = preSolution
		HideSolutionNode = FALSE
	EndGlobalSection
EndGlobal
